
Microsoft Visual Studio Solution File, Format Version 12.00
# Visual Studio Version 17
VisualStudioVersion = 17.5.33627.172
MinimumVisualStudioVersion = 10.0.40219.1
Project("{FAE04EC0-301F-11D3-BF4B-00C04F79EFBC}") = "FlexFieldTextBoxWF", "FlexFieldTextBoxWF\FlexFieldTextBoxWF.csproj", "{7ABC0024-C5C1-449B-9CB5-6DC3A07AFE72}"
EndProject
Project("{FAE04EC0-301F-11D3-BF4B-00C04F79EFBC}") = "FlexFieldTextBoxWFTest", "FlexFieldTextBoxWFTest\FlexFieldTextBoxWFTest.csproj", "{DF809F50-58FF-47D3-B682-6C9122E87FD9}"
EndProject
Global
	GlobalSection(SolutionConfigurationPlatforms) = preSolution
		Debug|Any CPU = Debug|Any CPU
		Release|Any CPU = Release|Any CPU
	EndGlobalSection
	GlobalSection(ProjectConfigurationPlatforms) = postSolution
		{7ABC0024-C5C1-449B-9CB5-6DC3A07AFE72}.Debug|Any CPU.ActiveCfg = Debug|Any CPU
		{7ABC0024-C5C1-449B-9CB5-6DC3A07AFE72}.Debug|Any CPU.Build.0 = Debug|Any CPU
		{7ABC0024-C5C1-449B-9CB5-6DC3A07AFE72}.Release|Any CPU.ActiveCfg = Release|Any CPU
		{7ABC0024-C5C1-449B-9CB5-6DC3A07AFE72}.Release|Any CPU.Build.0 = Release|Any CPU
		{DF809F50-58FF-47D3-B682-6C9122E87FD9}.Debug|Any CPU.ActiveCfg = Debug|Any CPU
		{DF809F50-58FF-47D3-B682-6C9122E87FD9}.Debug|Any CPU.Build.0 = Debug|Any CPU
		{DF809F50-58FF-47D3-B682-6C9122E87FD9}.Release|Any CPU.ActiveCfg = Release|Any CPU
		{DF809F50-58FF-47D3-B682-6C9122E87FD9}.Release|Any CPU.Build.0 = Release|Any CPU
	EndGlobalSection
	GlobalSection(SolutionProperties) = preSolution
		HideSolutionNode = FALSE
	EndGlobalSection
	GlobalSection(ExtensibilityGlobals) = postSolution
		SolutionGuid = {9D137ED3-47BA-4611-B902-C765B3E8AF98}
	EndGlobalSection
EndGlobal
